// !$*UTF8*$!
{
	archiveVersion = 1;
	classes = {
	};
	objectVersion = 46;
	objects = {

/* Begin PBXBuildFile section */
		DE75975F1E8B551900F80A2D /* AppDelegate.swift in Sources */ = {isa = PBXBuildFile; fileRef = DE75975E1E8B551900F80A2D /* AppDelegate.swift */; };
		DE7597611E8B551900F80A2D /* ViewController.swift in Sources */ = {isa = PBXBuildFile; fileRef = DE7597601E8B551900F80A2D /* ViewController.swift */; };
		DE7597641E8B551900F80A2D /* Main.storyboard in Resources */ = {isa = PBXBuildFile; fileRef = DE7597621E8B551900F80A2D /* Main.storyboard */; };
		DE7597661E8B551900F80A2D /* Assets.xcassets in Resources */ = {isa = PBXBuildFile; fileRef = DE7597651E8B551900F80A2D /* Assets.xcassets */; };
		DE7597691E8B551900F80A2D /* LaunchScreen.storyboard in Resources */ = {isa = PBXBuildFile; fileRef = DE7597671E8B551900F80A2D /* LaunchScreen.storyboard */; };
		DE7597711E8B560000F80A2D /* background.jpg in Resources */ = {isa = PBXBuildFile; fileRef = DE7597701E8B560000F80A2D /* background.jpg */; };
		DE7597731E8B600E00F80A2D /* background_3.jpg in Resources */ = {isa = PBXBuildFile; fileRef = DE7597721E8B600E00F80A2D /* background_3.jpg */; };
/* End PBXBuildFile section */

/* Begin PBXFileReference section */
		DE75975B1E8B551900F80A2D /* whatIsTheWeather.app */ = {isa = PBXFileReference; explicitFileType = wrapper.application; includeInIndex = 0; path = whatIsTheWeather.app; sourceTree = BUILT_PRODUCTS_DIR; };
		DE75975E1E8B551900F80A2D /* AppDelegate.swift */ = {isa = PBXFileReference; lastKnownFileType = sourcecode.swift; path = AppDelegate.swift; sourceTree = "<group>"; };
		DE7597601E8B551900F80A2D /* ViewController.swift */ = {isa = PBXFileReference; lastKnownFileType = sourcecode.swift; path = ViewController.swift; sourceTree = "<group>"; };
		DE7597631E8B551900F80A2D /* Base */ = {isa = PBXFileReference; lastKnownFileType = file.storyboard; name = Base; path = Base.lproj/Main.storyboard; sourceTree = "<group>"; };
		DE7597651E8B551900F80A2D /* Assets.xcassets */ = {isa = PBXFileReference; lastKnownFileType = folder.assetcatalog; path = Assets.xcassets; sourceTree = "<group>"; };
		DE7597681E8B551900F80A2D /* Base */ = {isa = PBXFileReference; lastKnownFileType = file.storyboard; name = Base; path = Base.lproj/LaunchScreen.storyboard; sourceTree = "<group>"; };
		DE75976A1E8B551900F80A2D /* Info.plist */ = {isa = PBXFileReference; lastKnownFileType = text.plist.xml; path = Info.plist; sourceTree = "<group>"; };
		DE7597701E8B560000F80A2D /* background.jpg */ = {isa = PBXFileReference; lastKnownFileType = image.jpeg; path = background.jpg; sourceTree = "<group>"; };
		DE7597721E8B600E00F80A2D /* background_3.jpg */ = {isa = PBXFileReference; lastKnownFileType = image.jpeg; path = background_3.jpg; sourceTree = "<group>"; };
/* End PBXFileReference section */

/* Begin PBXFrameworksBuildPhase section */
		DE7597581E8B551700F80A2D /* Frameworks */ = {
			isa = PBXFrameworksBuildPhase;
			buildActionMask = 2147483647;
			files = (
			);
			runOnlyForDeploymentPostprocessing = 0;
		};
/* End PBXFrameworksBuildPhase section */

/* Begin PBXGroup section */
		DE7597521E8B551700F80A2D = {
			isa = PBXGroup;
			children = (
				DE75975D1E8B551900F80A2D /* whatIsTheWeather */,
				DE75975C1E8B551900F80A2D /* Products */,
			);
			sourceTree = "<group>";
		};
		DE75975C1E8B551900F80A2D /* Products */ = {
			isa = PBXGroup;
			children = (
				DE75975B1E8B551900F80A2D /* whatIsTheWeather.app */,
			);
			name = Products;
			sourceTree = "<group>";
		};
		DE75975D1E8B551900F80A2D /* whatIsTheWeather */ = {
			isa = PBXGroup;
			children = (
				DE75975E1E8B551900F80A2D /* AppDelegate.swift */,
				DE7597601E8B551900F80A2D /* ViewController.swift */,
				DE7597621E8B551900F80A2D /* Main.storyboard */,
				DE7597651E8B551900F80A2D /* Assets.xcassets */,
				DE7597721E8B600E00F80A2D /* background_3.jpg */,
				DE7597701E8B560000F80A2D /* background.jpg */,
				DE7597671E8B551900F80A2D /* LaunchScreen.storyboard */,
				DE75976A1E8B551900F80A2D /* Info.plist */,
			);
			path = whatIsTheWeather;
			sourceTree = "<group>";
		};
/* End PBXGroup section */

/* Begin PBXNativeTarget section */
		DE75975A1E8B551700F80A2D /* whatIsTheWeather */ = {
			isa = PBXNativeTarget;
			buildConfigurationList = DE75976D1E8B551900F80A2D /* Build configuration list for PBXNativeTarget "whatIsTheWeather" */;
			buildPhases = (
				DE7597571E8B551700F80A2D /* Sources */,
				DE7597581E8B551700F80A2D /* Frameworks */,
				DE7597591E8B551700F80A2D /* Resources */,
			);
			buildRules = (
			);
			dependencies = (
			);
			name = whatIsTheWeather;
			productName = whatIsTheWeather;
			productReference = DE75975B1E8B551900F80A2D /* whatIsTheWeather.app */;
			productType = "com.apple.product-type.application";
		};
/* End PBXNativeTarget section */

/* Begin PBXProject section */
		DE7597531E8B551700F80A2D /* Project object */ = {
			isa = PBXProject;
			attributes = {
				LastSwiftUpdateCheck = 0820;
				LastUpgradeCheck = 0820;
				ORGANIZATIONNAME = "Dumb Unicorn";
				TargetAttributes = {
					DE75975A1E8B551700F80A2D = {
						CreatedOnToolsVersion = 8.2.1;
						DevelopmentTeam = 42ESUZ8BZJ;
						ProvisioningStyle = Automatic;
					};
				};
			};
			buildConfigurationList = DE7597561E8B551700F80A2D /* Build configuration list for PBXProject "whatIsTheWeather" */;
			compatibilityVersion = "Xcode 3.2";
			developmentRegion = English;
			hasScannedForEncodings = 0;
			knownRegions = (
				en,
				Base,
			);
			mainGroup = DE7597521E8B551700F80A2D;
			productRefGroup = DE75975C1E8B551900F80A2D /* Products */;
			projectDirPath = "";
			projectRoot = "";
			targets = (
				DE75975A1E8B551700F80A2D /* whatIsTheWeather */,
			);
		};
/* End PBXProject section */

/* Begin PBXResourcesBuildPhase section */
		DE7597591E8B551700F80A2D /* Resources */ = {
			isa = PBXResourcesBuildPhase;
			buildActionMask = 2147483647;
			files = (
				DE7597691E8B551900F80A2D /* LaunchScreen.storyboard in Resources */,
				DE7597711E8B560000F80A2D /* background.jpg in Resources */,
				DE7597661E8B551900F80A2D /* Assets.xcassets in Resources */,
				DE7597731E8B600E00F80A2D /* background_3.jpg in Resources */,
				DE7597641E8B551900F80A2D /* Main.storyboard in Resources */,
			);
			runOnlyForDeploymentPostprocessing = 0;
		};
/* End PBXResourcesBuildPhase section */

/* Begin PBXSourcesBuildPhase section */
		DE7597571E8B551700F80A2D /* Sources */ = {
			isa = PBXSourcesBuildPhase;
			buildActionMask = 2147483647;
			files = (
				DE7597611E8B551900F80A2D /* ViewController.swift in Sources */,
				DE75975F1E8B551900F80A2D /* AppDelegate.swift in Sources */,
			);
			runOnlyForDeploymentPostprocessing = 0;
		};
/* End PBXSourcesBuildPhase section */

/* Begin PBXVariantGroup section */
		DE7597621E8B551900F80A2D /* Main.storyboard */ = {
			isa = PBXVariantGroup;
			children = (
				DE7597631E8B551900F80A2D /* Base */,
			);
			name = Main.storyboard;
			sourceTree = "<group>";
		};
		DE7597671E8B551900F80A2D /* LaunchScreen.storyboard */ = {
			isa = PBXVariantGroup;
			children = (
				DE7597681E8B551900F80A2D /* Base */,
			);
			name = LaunchScreen.storyboard;
			sourceTree = "<group>";
		};
/* End PBXVariantGroup section */

/* Begin XCBuildConfiguration section */
		DE75976B1E8B551900F80A2D /* Debug */ = {
			isa = XCBuildConfiguration;
			buildSettings = {
				ALWAYS_SEARCH_USER_PATHS = NO;
				CLANG_ANALYZER_NONNULL = YES;
				CLANG_CXX_LANGUAGE_STANDARD = "gnu++0x";
				CLANG_CXX_LIBRARY = "libc++";
				CLANG_ENABLE_MODULES = YES;
				CLANG_ENABLE_OBJC_ARC = YES;
				CLANG_WARN_BOOL_CONVERSION = YES;
				CLANG_WARN_CONSTANT_CONVERSION = YES;
				CLANG_WARN_DIRECT_OBJC_ISA_USAGE = YES_ERROR;
				CLANG_WARN_DOCUMENTATION_COMMENTS = YES;
				CLANG_WARN_EMPTY_BODY = YES;
				CLANG_WARN_ENUM_CONVERSION = YES;
				CLANG_WARN_INFINITE_RECURSION = YES;
				CLANG_WARN_INT_CONVERSION = YES;
				CLANG_WARN_OBJC_ROOT_CLASS = YES_ERROR;
				CLANG_WARN_SUSPICIOUS_MOVE = YES;
				CLANG_WARN_UNREACHABLE_CODE = YES;
				CLANG_WARN__DUPLICATE_METHOD_MATCH = YES;
				"CODE_SIGN_IDENTITY[sdk=iphoneos*]" = "iPhone Developer";
				COPY_PHASE_STRIP = NO;
				DEBUG_INFORMATION_FORMAT = dwarf;
				ENABLE_STRICT_OBJC_MSGSEND = YES;
				ENABLE_TESTABILITY = YES;
				GCC_C_LANGUAGE_STANDARD = gnu99;
				GCC_DYNAMIC_NO_PIC = NO;
				GCC_NO_COMMON_BLOCKS = YES;
				GCC_OPTIMIZATION_LEVEL = 0;
				GCC_PREPROCESSOR_DEFINITIONS = (
					"DEBUG=1",
					"$(inherited)",
				);
				GCC_WARN_64_TO_32_BIT_CONVERSION = YES;
				GCC_WARN_ABOUT_RETURN_TYPE = YES_ERROR;
				GCC_WARN_UNDECLARED_SELECTOR = YES;
				GCC_WARN_UNINITIALIZED_AUTOS = YES_AGGRESSIVE;
				GCC_WARN_UNUSED_FUNCTION = YES;
				GCC_WARN_UNUSED_VARIABLE = YES;
				IPHONEOS_DEPLOYMENT_TARGET = 10.2;
				MTL_ENABLE_DEBUG_INFO = YES;
				ONLY_ACTIVE_ARCH = YES;
				SDKROOT = iphoneos;
				SWIFT_ACTIVE_COMPILATION_CONDITIONS = DEBUG;
				SWIFT_OPTIMIZATION_LEVEL = "-Onone";
			};
			name = Debug;
		};
		DE75976C1E8B551900F80A2D /* Release */ = {
			isa = XCBuildConfiguration;
			buildSettings = {
				ALWAYS_SEARCH_USER_PATHS = NO;
				CLANG_ANALYZER_NONNULL = YES;
				CLANG_CXX_LANGUAGE_STANDARD = "gnu++0x";
				CLANG_CXX_LIBRARY = "libc++";
				CLANG_ENABLE_MODULES = YES;
				CLANG_ENABLE_OBJC_ARC = YES;
				CLANG_WARN_BOOL_CONVERSION = YES;
				CLANG_WARN_CONSTANT_CONVERSION = YES;
				CLANG_WARN_DIRECT_OBJC_ISA_USAGE = YES_ERROR;
				CLANG_WARN_DOCUMENTATION_COMMENTS = YES;
				CLANG_WARN_EMPTY_BODY = YES;
				CLANG_WARN_ENUM_CONVERSION = YES;
				CLANG_WARN_INFINITE_RECURSION = YES;
				CLANG_WARN_INT_CONVERSION = YES;
				CLANG_WARN_OBJC_ROOT_CLASS = YES_ERROR;
				CLANG_WARN_SUSPICIOUS_MOVE = YES;
				CLANG_WARN_UNREACHABLE_CODE = YES;
				CLANG_WARN__DUPLICATE_METHOD_MATCH = YES;
				"CODE_SIGN_IDENTITY[sdk=iphoneos*]" = "iPhone Developer";
				COPY_PHASE_STRIP = NO;
				DEBUG_INFORMATION_FORMAT = "dwarf-with-dsym";
				ENABLE_NS_ASSERTIONS = NO;
				ENABLE_STRICT_OBJC_MSGSEND = YES;
				GCC_C_LANGUAGE_STANDARD = gnu99;
				GCC_NO_COMMON_BLOCKS = YES;
				GCC_WARN_64_TO_32_BIT_CONVERSION = YES;
				GCC_WARN_ABOUT_RETURN_TYPE = YES_ERROR;
				GCC_WARN_UNDECLARED_SELECTOR = YES;
				GCC_WARN_UNINITIALIZED_AUTOS = YES_AGGRESSIVE;
				GCC_WARN_UNUSED_FUNCTION = YES;
				GCC_WARN_UNUSED_VARIABLE = YES;
				IPHONEOS_DEPLOYMENT_TARGET = 10.2;
				MTL_ENABLE_DEBUG_INFO = NO;
				SDKROOT = iphoneos;
				SWIFT_OPTIMIZATION_LEVEL = "-Owholemodule";
				VALIDATE_PRODUCT = YES;
			};
			name = Release;
		};
		DE75976E1E8B551900F80A2D /* Debug */ = {
			isa = XCBuildConfiguration;
			buildSettings = {
				ASSETCATALOG_COMPILER_APPICON_NAME = AppIcon;
				DEVELOPMENT_TEAM = 42ESUZ8BZJ;
				INFOPLIST_FILE = whatIsTheWeather/Info.plist;
				LD_RUNPATH_SEARCH_PATHS = "$(inherited) @executable_path/Frameworks";
				PRODUCT_BUNDLE_IDENTIFIER = com.DumbUnicorn.whatIsTheWeather;
				PRODUCT_NAME = "$(TARGET_NAME)";
				SWIFT_VERSION = 3.0;
			};
			name = Debug;
		};
		DE75976F1E8B551900F80A2D /* Release */ = {
			isa = XCBuildConfiguration;
			buildSettings = {
				ASSETCATALOG_COMPILER_APPICON_NAME = AppIcon;
				DEVELOPMENT_TEAM = 42ESUZ8BZJ;
				INFOPLIST_FILE = whatIsTheWeather/Info.plist;
				LD_RUNPATH_SEARCH_PATHS = "$(inherited) @executable_path/Frameworks";
				PRODUCT_BUNDLE_IDENTIFIER = com.DumbUnicorn.whatIsTheWeather;
				PRODUCT_NAME = "$(TARGET_NAME)";
				SWIFT_VERSION = 3.0;
			};
			name = Release;
		};
/* End XCBuildConfiguration section */

/* Begin XCConfigurationList section */
		DE7597561E8B551700F80A2D /* Build configuration list for PBXProject "whatIsTheWeather" */ = {
			isa = XCConfigurationList;
			buildConfigurations = (
				DE75976B1E8B551900F80A2D /* Debug */,
				DE75976C1E8B551900F80A2D /* Release */,
			);
			defaultConfigurationIsVisible = 0;
			defaultConfigurationName = Release;
		};
		DE75976D1E8B551900F80A2D /* Build configuration list for PBXNativeTarget "whatIsTheWeather" */ = {
			isa = XCConfigurationList;
			buildConfigurations = (
				DE75976E1E8B551900F80A2D /* Debug */,
				DE75976F1E8B551900F80A2D /* Release */,
			);
			defaultConfigurationIsVisible = 0;
		};
/* End XCConfigurationList section */
	};
	rootObject = DE7597531E8B551700F80A2D /* Project object */;
}
